// !$*UTF8*$!
{
	archiveVersion = 1;
	classes = {
	};
	objectVersion = 50;
	objects = {

/* Begin PBXBuildFile section */
		5BB1DD49222CACC8007CB698 /* AppDelegate.swift in Sources */ = {isa = PBXBuildFile; fileRef = 5BB1DD48222CACC8007CB698 /* AppDelegate.swift */; };
		5BB1DD4B222CACC8007CB698 /* ViewController.swift in Sources */ = {isa = PBXBuildFile; fileRef = 5BB1DD4A222CACC8007CB698 /* ViewController.swift */; };
		5BB1DD4E222CACC8007CB698 /* Main.storyboard in Resources */ = {isa = PBXBuildFile; fileRef = 5BB1DD4C222CACC8007CB698 /* Main.storyboard */; };
		5BB1DD51222CACC8007CB698 /* IOSSolidPrinciplesSample.xcdatamodeld in Sources */ = {isa = PBXBuildFile; fileRef = 5BB1DD4F222CACC8007CB698 /* IOSSolidPrinciplesSample.xcdatamodeld */; };
		5BB1DD53222CACCB007CB698 /* Assets.xcassets in Resources */ = {isa = PBXBuildFile; fileRef = 5BB1DD52222CACCB007CB698 /* Assets.xcassets */; };
		5BB1DD56222CACCB007CB698 /* LaunchScreen.storyboard in Resources */ = {isa = PBXBuildFile; fileRef = 5BB1DD54222CACCB007CB698 /* LaunchScreen.storyboard */; };
		5BB1DD61222CACCB007CB698 /* IOSSolidPrinciplesSampleTests.swift in Sources */ = {isa = PBXBuildFile; fileRef = 5BB1DD60222CACCB007CB698 /* IOSSolidPrinciplesSampleTests.swift */; };
		5BB1DD6C222CACCC007CB698 /* IOSSolidPrinciplesSampleUITests.swift in Sources */ = {isa = PBXBuildFile; fileRef = 5BB1DD6B222CACCC007CB698 /* IOSSolidPrinciplesSampleUITests.swift */; };
		5BB1DD7C222CB583007CB698 /* Service.swift in Sources */ = {isa = PBXBuildFile; fileRef = 5BB1DD7B222CB583007CB698 /* Service.swift */; };
		5BB1DD84222CC475007CB698 /* Product.swift in Sources */ = {isa = PBXBuildFile; fileRef = 5BB1DD83222CC475007CB698 /* Product.swift */; };
/* End PBXBuildFile section */

/* Begin PBXContainerItemProxy section */
		5BB1DD5D222CACCB007CB698 /* PBXContainerItemProxy */ = {
			isa = PBXContainerItemProxy;
			containerPortal = 5BB1DD3D222CACC7007CB698 /* Project object */;
			proxyType = 1;
			remoteGlobalIDString = 5BB1DD44222CACC8007CB698;
			remoteInfo = IOSSolidPrinciplesSample;
		};
		5BB1DD68222CACCC007CB698 /* PBXContainerItemProxy */ = {
			isa = PBXContainerItemProxy;
			containerPortal = 5BB1DD3D222CACC7007CB698 /* Project object */;
			proxyType = 1;
			remoteGlobalIDString = 5BB1DD44222CACC8007CB698;
			remoteInfo = IOSSolidPrinciplesSample;
		};
/* End PBXContainerItemProxy section */

/* Begin PBXFileReference section */
		5BB1DD45222CACC8007CB698 /* IOSSolidPrinciplesSample.app */ = {isa = PBXFileReference; explicitFileType = wrapper.application; includeInIndex = 0; path = IOSSolidPrinciplesSample.app; sourceTree = BUILT_PRODUCTS_DIR; };
		5BB1DD48222CACC8007CB698 /* AppDelegate.swift */ = {isa = PBXFileReference; lastKnownFileType = sourcecode.swift; path = AppDelegate.swift; sourceTree = "<group>"; };
		5BB1DD4A222CACC8007CB698 /* ViewController.swift */ = {isa = PBXFileReference; lastKnownFileType = sourcecode.swift; path = ViewController.swift; sourceTree = "<group>"; };
		5BB1DD4D222CACC8007CB698 /* Base */ = {isa = PBXFileReference; lastKnownFileType = file.storyboard; name = Base; path = Base.lproj/Main.storyboard; sourceTree = "<group>"; };
		5BB1DD50222CACC8007CB698 /* IOSSolidPrinciplesSample.xcdatamodel */ = {isa = PBXFileReference; lastKnownFileType = wrapper.xcdatamodel; path = IOSSolidPrinciplesSample.xcdatamodel; sourceTree = "<group>"; };
		5BB1DD52222CACCB007CB698 /* Assets.xcassets */ = {isa = PBXFileReference; lastKnownFileType = folder.assetcatalog; path = Assets.xcassets; sourceTree = "<group>"; };
		5BB1DD55222CACCB007CB698 /* Base */ = {isa = PBXFileReference; lastKnownFileType = file.storyboard; name = Base; path = Base.lproj/LaunchScreen.storyboard; sourceTree = "<group>"; };
		5BB1DD57222CACCB007CB698 /* Info.plist */ = {isa = PBXFileReference; lastKnownFileType = text.plist.xml; path = Info.plist; sourceTree = "<group>"; };
		5BB1DD5C222CACCB007CB698 /* IOSSolidPrinciplesSampleTests.xctest */ = {isa = PBXFileReference; explicitFileType = wrapper.cfbundle; includeInIndex = 0; path = IOSSolidPrinciplesSampleTests.xctest; sourceTree = BUILT_PRODUCTS_DIR; };
		5BB1DD60222CACCB007CB698 /* IOSSolidPrinciplesSampleTests.swift */ = {isa = PBXFileReference; lastKnownFileType = sourcecode.swift; path = IOSSolidPrinciplesSampleTests.swift; sourceTree = "<group>"; };
		5BB1DD62222CACCC007CB698 /* Info.plist */ = {isa = PBXFileReference; lastKnownFileType = text.plist.xml; path = Info.plist; sourceTree = "<group>"; };
		5BB1DD67222CACCC007CB698 /* IOSSolidPrinciplesSampleUITests.xctest */ = {isa = PBXFileReference; explicitFileType = wrapper.cfbundle; includeInIndex = 0; path = IOSSolidPrinciplesSampleUITests.xctest; sourceTree = BUILT_PRODUCTS_DIR; };
		5BB1DD6B222CACCC007CB698 /* IOSSolidPrinciplesSampleUITests.swift */ = {isa = PBXFileReference; lastKnownFileType = sourcecode.swift; path = IOSSolidPrinciplesSampleUITests.swift; sourceTree = "<group>"; };
		5BB1DD6D222CACCC007CB698 /* Info.plist */ = {isa = PBXFileReference; lastKnownFileType = text.plist.xml; path = Info.plist; sourceTree = "<group>"; };
		5BB1DD7B222CB583007CB698 /* Service.swift */ = {isa = PBXFileReference; lastKnownFileType = sourcecode.swift; path = Service.swift; sourceTree = "<group>"; };
		5BB1DD83222CC475007CB698 /* Product.swift */ = {isa = PBXFileReference; lastKnownFileType = sourcecode.swift; path = Product.swift; sourceTree = "<group>"; };
/* End PBXFileReference section */

/* Begin PBXFrameworksBuildPhase section */
		5BB1DD42222CACC8007CB698 /* Frameworks */ = {
			isa = PBXFrameworksBuildPhase;
			buildActionMask = 2147483647;
			files = (
			);
			runOnlyForDeploymentPostprocessing = 0;
		};
		5BB1DD59222CACCB007CB698 /* Frameworks */ = {
			isa = PBXFrameworksBuildPhase;
			buildActionMask = 2147483647;
			files = (
			);
			runOnlyForDeploymentPostprocessing = 0;
		};
		5BB1DD64222CACCC007CB698 /* Frameworks */ = {
			isa = PBXFrameworksBuildPhase;
			buildActionMask = 2147483647;
			files = (
			);
			runOnlyForDeploymentPostprocessing = 0;
		};
/* End PBXFrameworksBuildPhase section */

/* Begin PBXGroup section */
		5BB1DD3C222CACC7007CB698 = {
			isa = PBXGroup;
			children = (
				5BB1DD47222CACC8007CB698 /* IOSSolidPrinciplesSample */,
				5BB1DD5F222CACCB007CB698 /* IOSSolidPrinciplesSampleTests */,
				5BB1DD6A222CACCC007CB698 /* IOSSolidPrinciplesSampleUITests */,
				5BB1DD46222CACC8007CB698 /* Products */,
			);
			sourceTree = "<group>";
		};
		5BB1DD46222CACC8007CB698 /* Products */ = {
			isa = PBXGroup;
			children = (
				5BB1DD45222CACC8007CB698 /* IOSSolidPrinciplesSample.app */,
				5BB1DD5C222CACCB007CB698 /* IOSSolidPrinciplesSampleTests.xctest */,
				5BB1DD67222CACCC007CB698 /* IOSSolidPrinciplesSampleUITests.xctest */,
			);
			name = Products;
			sourceTree = "<group>";
		};
		5BB1DD47222CACC8007CB698 /* IOSSolidPrinciplesSample */ = {
			isa = PBXGroup;
			children = (
				5BB1DD7A222CAEF4007CB698 /* sample01_srp */,
				5BB1DD79222CAEDD007CB698 /* sample01 */,
				5BB1DD48222CACC8007CB698 /* AppDelegate.swift */,
				5BB1DD4A222CACC8007CB698 /* ViewController.swift */,
				5BB1DD4C222CACC8007CB698 /* Main.storyboard */,
				5BB1DD52222CACCB007CB698 /* Assets.xcassets */,
				5BB1DD54222CACCB007CB698 /* LaunchScreen.storyboard */,
				5BB1DD57222CACCB007CB698 /* Info.plist */,
				5BB1DD4F222CACC8007CB698 /* IOSSolidPrinciplesSample.xcdatamodeld */,
			);
			path = IOSSolidPrinciplesSample;
			sourceTree = "<group>";
		};
		5BB1DD5F222CACCB007CB698 /* IOSSolidPrinciplesSampleTests */ = {
			isa = PBXGroup;
			children = (
				5BB1DD60222CACCB007CB698 /* IOSSolidPrinciplesSampleTests.swift */,
				5BB1DD62222CACCC007CB698 /* Info.plist */,
			);
			path = IOSSolidPrinciplesSampleTests;
			sourceTree = "<group>";
		};
		5BB1DD6A222CACCC007CB698 /* IOSSolidPrinciplesSampleUITests */ = {
			isa = PBXGroup;
			children = (
				5BB1DD6B222CACCC007CB698 /* IOSSolidPrinciplesSampleUITests.swift */,
				5BB1DD6D222CACCC007CB698 /* Info.plist */,
			);
			path = IOSSolidPrinciplesSampleUITests;
			sourceTree = "<group>";
		};
		5BB1DD79222CAEDD007CB698 /* sample01 */ = {
			isa = PBXGroup;
			children = (
				5BB1DD7B222CB583007CB698 /* Service.swift */,
				5BB1DD83222CC475007CB698 /* Product.swift */,
			);
			path = sample01;
			sourceTree = "<group>";
		};
		5BB1DD7A222CAEF4007CB698 /* sample01_srp */ = {
			isa = PBXGroup;
			children = (
			);
			path = sample01_srp;
			sourceTree = "<group>";
		};
/* End PBXGroup section */

/* Begin PBXNativeTarget section */
		5BB1DD44222CACC8007CB698 /* IOSSolidPrinciplesSample */ = {
			isa = PBXNativeTarget;
			buildConfigurationList = 5BB1DD70222CACCC007CB698 /* Build configuration list for PBXNativeTarget "IOSSolidPrinciplesSample" */;
			buildPhases = (
				5BB1DD41222CACC8007CB698 /* Sources */,
				5BB1DD42222CACC8007CB698 /* Frameworks */,
				5BB1DD43222CACC8007CB698 /* Resources */,
			);
			buildRules = (
			);
			dependencies = (
			);
			name = IOSSolidPrinciplesSample;
			productName = IOSSolidPrinciplesSample;
			productReference = 5BB1DD45222CACC8007CB698 /* IOSSolidPrinciplesSample.app */;
			productType = "com.apple.product-type.application";
		};
		5BB1DD5B222CACCB007CB698 /* IOSSolidPrinciplesSampleTests */ = {
			isa = PBXNativeTarget;
			buildConfigurationList = 5BB1DD73222CACCC007CB698 /* Build configuration list for PBXNativeTarget "IOSSolidPrinciplesSampleTests" */;
			buildPhases = (
				5BB1DD58222CACCB007CB698 /* Sources */,
				5BB1DD59222CACCB007CB698 /* Frameworks */,
				5BB1DD5A222CACCB007CB698 /* Resources */,
			);
			buildRules = (
			);
			dependencies = (
				5BB1DD5E222CACCB007CB698 /* PBXTargetDependency */,
			);
			name = IOSSolidPrinciplesSampleTests;
			productName = IOSSolidPrinciplesSampleTests;
			productReference = 5BB1DD5C222CACCB007CB698 /* IOSSolidPrinciplesSampleTests.xctest */;
			productType = "com.apple.product-type.bundle.unit-test";
		};
		5BB1DD66222CACCC007CB698 /* IOSSolidPrinciplesSampleUITests */ = {
			isa = PBXNativeTarget;
			buildConfigurationList = 5BB1DD76222CACCC007CB698 /* Build configuration list for PBXNativeTarget "IOSSolidPrinciplesSampleUITests" */;
			buildPhases = (
				5BB1DD63222CACCC007CB698 /* Sources */,
				5BB1DD64222CACCC007CB698 /* Frameworks */,
				5BB1DD65222CACCC007CB698 /* Resources */,
			);
			buildRules = (
			);
			dependencies = (
				5BB1DD69222CACCC007CB698 /* PBXTargetDependency */,
			);
			name = IOSSolidPrinciplesSampleUITests;
			productName = IOSSolidPrinciplesSampleUITests;
			productReference = 5BB1DD67222CACCC007CB698 /* IOSSolidPrinciplesSampleUITests.xctest */;
			productType = "com.apple.product-type.bundle.ui-testing";
		};
/* End PBXNativeTarget section */

/* Begin PBXProject section */
		5BB1DD3D222CACC7007CB698 /* Project object */ = {
			isa = PBXProject;
			attributes = {
				LastSwiftUpdateCheck = 1010;
				LastUpgradeCheck = 1010;
				ORGANIZATIONNAME = "Carlos Leonardo Camilo Vargas Huamán";
				TargetAttributes = {
					5BB1DD44222CACC8007CB698 = {
						CreatedOnToolsVersion = 10.1;
					};
					5BB1DD5B222CACCB007CB698 = {
						CreatedOnToolsVersion = 10.1;
						TestTargetID = 5BB1DD44222CACC8007CB698;
					};
					5BB1DD66222CACCC007CB698 = {
						CreatedOnToolsVersion = 10.1;
						TestTargetID = 5BB1DD44222CACC8007CB698;
					};
				};
			};
			buildConfigurationList = 5BB1DD40222CACC7007CB698 /* Build configuration list for PBXProject "IOSSolidPrinciplesSample" */;
			compatibilityVersion = "Xcode 9.3";
			developmentRegion = en;
			hasScannedForEncodings = 0;
			knownRegions = (
				en,
				Base,
			);
			mainGroup = 5BB1DD3C222CACC7007CB698;
			productRefGroup = 5BB1DD46222CACC8007CB698 /* Products */;
			projectDirPath = "";
			projectRoot = "";
			targets = (
				5BB1DD44222CACC8007CB698 /* IOSSolidPrinciplesSample */,
				5BB1DD5B222CACCB007CB698 /* IOSSolidPrinciplesSampleTests */,
				5BB1DD66222CACCC007CB698 /* IOSSolidPrinciplesSampleUITests */,
			);
		};
/* End PBXProject section */

/* Begin PBXResourcesBuildPhase section */
		5BB1DD43222CACC8007CB698 /* Resources */ = {
			isa = PBXResourcesBuildPhase;
			buildActionMask = 2147483647;
			files = (
				5BB1DD56222CACCB007CB698 /* LaunchScreen.storyboard in Resources */,
				5BB1DD53222CACCB007CB698 /* Assets.xcassets in Resources */,
				5BB1DD4E222CACC8007CB698 /* Main.storyboard in Resources */,
			);
			runOnlyForDeploymentPostprocessing = 0;
		};
		5BB1DD5A222CACCB007CB698 /* Resources */ = {
			isa = PBXResourcesBuildPhase;
			buildActionMask = 2147483647;
			files = (
			);
			runOnlyForDeploymentPostprocessing = 0;
		};
		5BB1DD65222CACCC007CB698 /* Resources */ = {
			isa = PBXResourcesBuildPhase;
			buildActionMask = 2147483647;
			files = (
			);
			runOnlyForDeploymentPostprocessing = 0;
		};
/* End PBXResourcesBuildPhase section */

/* Begin PBXSourcesBuildPhase section */
		5BB1DD41222CACC8007CB698 /* Sources */ = {
			isa = PBXSourcesBuildPhase;
			buildActionMask = 2147483647;
			files = (
				5BB1DD4B222CACC8007CB698 /* ViewController.swift in Sources */,
				5BB1DD7C222CB583007CB698 /* Service.swift in Sources */,
				5BB1DD84222CC475007CB698 /* Product.swift in Sources */,
				5BB1DD51222CACC8007CB698 /* IOSSolidPrinciplesSample.xcdatamodeld in Sources */,
				5BB1DD49222CACC8007CB698 /* AppDelegate.swift in Sources */,
			);
			runOnlyForDeploymentPostprocessing = 0;
		};
		5BB1DD58222CACCB007CB698 /* Sources */ = {
			isa = PBXSourcesBuildPhase;
			buildActionMask = 2147483647;
			files = (
				5BB1DD61222CACCB007CB698 /* IOSSolidPrinciplesSampleTests.swift in Sources */,
			);
			runOnlyForDeploymentPostprocessing = 0;
		};
		5BB1DD63222CACCC007CB698 /* Sources */ = {
			isa = PBXSourcesBuildPhase;
			buildActionMask = 2147483647;
			files = (
				5BB1DD6C222CACCC007CB698 /* IOSSolidPrinciplesSampleUITests.swift in Sources */,
			);
			runOnlyForDeploymentPostprocessing = 0;
		};
/* End PBXSourcesBuildPhase section */

/* Begin PBXTargetDependency section */
		5BB1DD5E222CACCB007CB698 /* PBXTargetDependency */ = {
			isa = PBXTargetDependency;
			target = 5BB1DD44222CACC8007CB698 /* IOSSolidPrinciplesSample */;
			targetProxy = 5BB1DD5D222CACCB007CB698 /* PBXContainerItemProxy */;
		};
		5BB1DD69222CACCC007CB698 /* PBXTargetDependency */ = {
			isa = PBXTargetDependency;
			target = 5BB1DD44222CACC8007CB698 /* IOSSolidPrinciplesSample */;
			targetProxy = 5BB1DD68222CACCC007CB698 /* PBXContainerItemProxy */;
		};
/* End PBXTargetDependency section */

/* Begin PBXVariantGroup section */
		5BB1DD4C222CACC8007CB698 /* Main.storyboard */ = {
			isa = PBXVariantGroup;
			children = (
				5BB1DD4D222CACC8007CB698 /* Base */,
			);
			name = Main.storyboard;
			sourceTree = "<group>";
		};
		5BB1DD54222CACCB007CB698 /* LaunchScreen.storyboard */ = {
			isa = PBXVariantGroup;
			children = (
				5BB1DD55222CACCB007CB698 /* Base */,
			);
			name = LaunchScreen.storyboard;
			sourceTree = "<group>";
		};
/* End PBXVariantGroup section */

/* Begin XCBuildConfiguration section */
		5BB1DD6E222CACCC007CB698 /* Debug */ = {
			isa = XCBuildConfiguration;
			buildSettings = {
				ALWAYS_SEARCH_USER_PATHS = NO;
				CLANG_ANALYZER_NONNULL = YES;
				CLANG_ANALYZER_NUMBER_OBJECT_CONVERSION = YES_AGGRESSIVE;
				CLANG_CXX_LANGUAGE_STANDARD = "gnu++14";
				CLANG_CXX_LIBRARY = "libc++";
				CLANG_ENABLE_MODULES = YES;
				CLANG_ENABLE_OBJC_ARC = YES;
				CLANG_ENABLE_OBJC_WEAK = YES;
				CLANG_WARN_BLOCK_CAPTURE_AUTORELEASING = YES;
				CLANG_WARN_BOOL_CONVERSION = YES;
				CLANG_WARN_COMMA = YES;
				CLANG_WARN_CONSTANT_CONVERSION = YES;
				CLANG_WARN_DEPRECATED_OBJC_IMPLEMENTATIONS = YES;
				CLANG_WARN_DIRECT_OBJC_ISA_USAGE = YES_ERROR;
				CLANG_WARN_DOCUMENTATION_COMMENTS = YES;
				CLANG_WARN_EMPTY_BODY = YES;
				CLANG_WARN_ENUM_CONVERSION = YES;
				CLANG_WARN_INFINITE_RECURSION = YES;
				CLANG_WARN_INT_CONVERSION = YES;
				CLANG_WARN_NON_LITERAL_NULL_CONVERSION = YES;
				CLANG_WARN_OBJC_IMPLICIT_RETAIN_SELF = YES;
				CLANG_WARN_OBJC_LITERAL_CONVERSION = YES;
				CLANG_WARN_OBJC_ROOT_CLASS = YES_ERROR;
				CLANG_WARN_RANGE_LOOP_ANALYSIS = YES;
				CLANG_WARN_STRICT_PROTOTYPES = YES;
				CLANG_WARN_SUSPICIOUS_MOVE = YES;
				CLANG_WARN_UNGUARDED_AVAILABILITY = YES_AGGRESSIVE;
				CLANG_WARN_UNREACHABLE_CODE = YES;
				CLANG_WARN__DUPLICATE_METHOD_MATCH = YES;
				CODE_SIGN_IDENTITY = "iPhone Developer";
				COPY_PHASE_STRIP = NO;
				DEBUG_INFORMATION_FORMAT = dwarf;
				ENABLE_STRICT_OBJC_MSGSEND = YES;
				ENABLE_TESTABILITY = YES;
				GCC_C_LANGUAGE_STANDARD = gnu11;
				GCC_DYNAMIC_NO_PIC = NO;
				GCC_NO_COMMON_BLOCKS = YES;
				GCC_OPTIMIZATION_LEVEL = 0;
				GCC_PREPROCESSOR_DEFINITIONS = (
					"DEBUG=1",
					"$(inherited)",
				);
				GCC_WARN_64_TO_32_BIT_CONVERSION = YES;
				GCC_WARN_ABOUT_RETURN_TYPE = YES_ERROR;
				GCC_WARN_UNDECLARED_SELECTOR = YES;
				GCC_WARN_UNINITIALIZED_AUTOS = YES_AGGRESSIVE;
				GCC_WARN_UNUSED_FUNCTION = YES;
				GCC_WARN_UNUSED_VARIABLE = YES;
				IPHONEOS_DEPLOYMENT_TARGET = 12.1;
				MTL_ENABLE_DEBUG_INFO = INCLUDE_SOURCE;
				MTL_FAST_MATH = YES;
				ONLY_ACTIVE_ARCH = YES;
				SDKROOT = iphoneos;
				SWIFT_ACTIVE_COMPILATION_CONDITIONS = DEBUG;
				SWIFT_OPTIMIZATION_LEVEL = "-Onone";
			};
			name = Debug;
		};
		5BB1DD6F222CACCC007CB698 /* Release */ = {
			isa = XCBuildConfiguration;
			buildSettings = {
				ALWAYS_SEARCH_USER_PATHS = NO;
				CLANG_ANALYZER_NONNULL = YES;
				CLANG_ANALYZER_NUMBER_OBJECT_CONVERSION = YES_AGGRESSIVE;
				CLANG_CXX_LANGUAGE_STANDARD = "gnu++14";
				CLANG_CXX_LIBRARY = "libc++";
				CLANG_ENABLE_MODULES = YES;
				CLANG_ENABLE_OBJC_ARC = YES;
				CLANG_ENABLE_OBJC_WEAK = YES;
				CLANG_WARN_BLOCK_CAPTURE_AUTORELEASING = YES;
				CLANG_WARN_BOOL_CONVERSION = YES;
				CLANG_WARN_COMMA = YES;
				CLANG_WARN_CONSTANT_CONVERSION = YES;
				CLANG_WARN_DEPRECATED_OBJC_IMPLEMENTATIONS = YES;
				CLANG_WARN_DIRECT_OBJC_ISA_USAGE = YES_ERROR;
				CLANG_WARN_DOCUMENTATION_COMMENTS = YES;
				CLANG_WARN_EMPTY_BODY = YES;
				CLANG_WARN_ENUM_CONVERSION = YES;
				CLANG_WARN_INFINITE_RECURSION = YES;
				CLANG_WARN_INT_CONVERSION = YES;
				CLANG_WARN_NON_LITERAL_NULL_CONVERSION = YES;
				CLANG_WARN_OBJC_IMPLICIT_RETAIN_SELF = YES;
				CLANG_WARN_OBJC_LITERAL_CONVERSION = YES;
				CLANG_WARN_OBJC_ROOT_CLASS = YES_ERROR;
				CLANG_WARN_RANGE_LOOP_ANALYSIS = YES;
				CLANG_WARN_STRICT_PROTOTYPES = YES;
				CLANG_WARN_SUSPICIOUS_MOVE = YES;
				CLANG_WARN_UNGUARDED_AVAILABILITY = YES_AGGRESSIVE;
				CLANG_WARN_UNREACHABLE_CODE = YES;
				CLANG_WARN__DUPLICATE_METHOD_MATCH = YES;
				CODE_SIGN_IDENTITY = "iPhone Developer";
				COPY_PHASE_STRIP = NO;
				DEBUG_INFORMATION_FORMAT = "dwarf-with-dsym";
				ENABLE_NS_ASSERTIONS = NO;
				ENABLE_STRICT_OBJC_MSGSEND = YES;
				GCC_C_LANGUAGE_STANDARD = gnu11;
				GCC_NO_COMMON_BLOCKS = YES;
				GCC_WARN_64_TO_32_BIT_CONVERSION = YES;
				GCC_WARN_ABOUT_RETURN_TYPE = YES_ERROR;
				GCC_WARN_UNDECLARED_SELECTOR = YES;
				GCC_WARN_UNINITIALIZED_AUTOS = YES_AGGRESSIVE;
				GCC_WARN_UNUSED_FUNCTION = YES;
				GCC_WARN_UNUSED_VARIABLE = YES;
				IPHONEOS_DEPLOYMENT_TARGET = 12.1;
				MTL_ENABLE_DEBUG_INFO = NO;
				MTL_FAST_MATH = YES;
				SDKROOT = iphoneos;
				SWIFT_COMPILATION_MODE = wholemodule;
				SWIFT_OPTIMIZATION_LEVEL = "-O";
				VALIDATE_PRODUCT = YES;
			};
			name = Release;
		};
		5BB1DD71222CACCC007CB698 /* Debug */ = {
			isa = XCBuildConfiguration;
			buildSettings = {
				ASSETCATALOG_COMPILER_APPICON_NAME = AppIcon;
				CODE_SIGN_STYLE = Automatic;
				DEVELOPMENT_TEAM = HBQXM3ETTA;
				INFOPLIST_FILE = IOSSolidPrinciplesSample/Info.plist;
				LD_RUNPATH_SEARCH_PATHS = (
					"$(inherited)",
					"@executable_path/Frameworks",
				);
				PRODUCT_BUNDLE_IDENTIFIER = com.carlitosdroid.IOSSolidPrinciplesSample;
				PRODUCT_NAME = "$(TARGET_NAME)";
				SWIFT_VERSION = 4.2;
				TARGETED_DEVICE_FAMILY = "1,2";
			};
			name = Debug;
		};
		5BB1DD72222CACCC007CB698 /* Release */ = {
			isa = XCBuildConfiguration;
			buildSettings = {
				ASSETCATALOG_COMPILER_APPICON_NAME = AppIcon;
				CODE_SIGN_STYLE = Automatic;
				DEVELOPMENT_TEAM = HBQXM3ETTA;
				INFOPLIST_FILE = IOSSolidPrinciplesSample/Info.plist;
				LD_RUNPATH_SEARCH_PATHS = (
					"$(inherited)",
					"@executable_path/Frameworks",
				);
				PRODUCT_BUNDLE_IDENTIFIER = com.carlitosdroid.IOSSolidPrinciplesSample;
				PRODUCT_NAME = "$(TARGET_NAME)";
				SWIFT_VERSION = 4.2;
				TARGETED_DEVICE_FAMILY = "1,2";
			};
			name = Release;
		};
		5BB1DD74222CACCC007CB698 /* Debug */ = {
			isa = XCBuildConfiguration;
			buildSettings = {
				ALWAYS_EMBED_SWIFT_STANDARD_LIBRARIES = YES;
				BUNDLE_LOADER = "$(TEST_HOST)";
				CODE_SIGN_STYLE = Automatic;
				DEVELOPMENT_TEAM = HBQXM3ETTA;
				INFOPLIST_FILE = IOSSolidPrinciplesSampleTests/Info.plist;
				LD_RUNPATH_SEARCH_PATHS = (
					"$(inherited)",
					"@executable_path/Frameworks",
					"@loader_path/Frameworks",
				);
				PRODUCT_BUNDLE_IDENTIFIER = com.carlitosdroid.IOSSolidPrinciplesSampleTests;
				PRODUCT_NAME = "$(TARGET_NAME)";
				SWIFT_VERSION = 4.2;
				TARGETED_DEVICE_FAMILY = "1,2";
				TEST_HOST = "$(BUILT_PRODUCTS_DIR)/IOSSolidPrinciplesSample.app/IOSSolidPrinciplesSample";
			};
			name = Debug;
		};
		5BB1DD75222CACCC007CB698 /* Release */ = {
			isa = XCBuildConfiguration;
			buildSettings = {
				ALWAYS_EMBED_SWIFT_STANDARD_LIBRARIES = YES;
				BUNDLE_LOADER = "$(TEST_HOST)";
				CODE_SIGN_STYLE = Automatic;
				DEVELOPMENT_TEAM = HBQXM3ETTA;
				INFOPLIST_FILE = IOSSolidPrinciplesSampleTests/Info.plist;
				LD_RUNPATH_SEARCH_PATHS = (
					"$(inherited)",
					"@executable_path/Frameworks",
					"@loader_path/Frameworks",
				);
				PRODUCT_BUNDLE_IDENTIFIER = com.carlitosdroid.IOSSolidPrinciplesSampleTests;
				PRODUCT_NAME = "$(TARGET_NAME)";
				SWIFT_VERSION = 4.2;
				TARGETED_DEVICE_FAMILY = "1,2";
				TEST_HOST = "$(BUILT_PRODUCTS_DIR)/IOSSolidPrinciplesSample.app/IOSSolidPrinciplesSample";
			};
			name = Release;
		};
		5BB1DD77222CACCC007CB698 /* Debug */ = {
			isa = XCBuildConfiguration;
			buildSettings = {
				ALWAYS_EMBED_SWIFT_STANDARD_LIBRARIES = YES;
				CODE_SIGN_STYLE = Automatic;
				DEVELOPMENT_TEAM = HBQXM3ETTA;
				INFOPLIST_FILE = IOSSolidPrinciplesSampleUITests/Info.plist;
				LD_RUNPATH_SEARCH_PATHS = (
					"$(inherited)",
					"@executable_path/Frameworks",
					"@loader_path/Frameworks",
				);
				PRODUCT_BUNDLE_IDENTIFIER = com.carlitosdroid.IOSSolidPrinciplesSampleUITests;
				PRODUCT_NAME = "$(TARGET_NAME)";
				SWIFT_VERSION = 4.2;
				TARGETED_DEVICE_FAMILY = "1,2";
				TEST_TARGET_NAME = IOSSolidPrinciplesSample;
			};
			name = Debug;
		};
		5BB1DD78222CACCC007CB698 /* Release */ = {
			isa = XCBuildConfiguration;
			buildSettings = {
				ALWAYS_EMBED_SWIFT_STANDARD_LIBRARIES = YES;
				CODE_SIGN_STYLE = Automatic;
				DEVELOPMENT_TEAM = HBQXM3ETTA;
				INFOPLIST_FILE = IOSSolidPrinciplesSampleUITests/Info.plist;
				LD_RUNPATH_SEARCH_PATHS = (
					"$(inherited)",
					"@executable_path/Frameworks",
					"@loader_path/Frameworks",
				);
				PRODUCT_BUNDLE_IDENTIFIER = com.carlitosdroid.IOSSolidPrinciplesSampleUITests;
				PRODUCT_NAME = "$(TARGET_NAME)";
				SWIFT_VERSION = 4.2;
				TARGETED_DEVICE_FAMILY = "1,2";
				TEST_TARGET_NAME = IOSSolidPrinciplesSample;
			};
			name = Release;
		};
/* End XCBuildConfiguration section */

/* Begin XCConfigurationList section */
		5BB1DD40222CACC7007CB698 /* Build configuration list for PBXProject "IOSSolidPrinciplesSample" */ = {
			isa = XCConfigurationList;
			buildConfigurations = (
				5BB1DD6E222CACCC007CB698 /* Debug */,
				5BB1DD6F222CACCC007CB698 /* Release */,
			);
			defaultConfigurationIsVisible = 0;
			defaultConfigurationName = Release;
		};
		5BB1DD70222CACCC007CB698 /* Build configuration list for PBXNativeTarget "IOSSolidPrinciplesSample" */ = {
			isa = XCConfigurationList;
			buildConfigurations = (
				5BB1DD71222CACCC007CB698 /* Debug */,
				5BB1DD72222CACCC007CB698 /* Release */,
			);
			defaultConfigurationIsVisible = 0;
			defaultConfigurationName = Release;
		};
		5BB1DD73222CACCC007CB698 /* Build configuration list for PBXNativeTarget "IOSSolidPrinciplesSampleTests" */ = {
			isa = XCConfigurationList;
			buildConfigurations = (
				5BB1DD74222CACCC007CB698 /* Debug */,
				5BB1DD75222CACCC007CB698 /* Release */,
			);
			defaultConfigurationIsVisible = 0;
			defaultConfigurationName = Release;
		};
		5BB1DD76222CACCC007CB698 /* Build configuration list for PBXNativeTarget "IOSSolidPrinciplesSampleUITests" */ = {
			isa = XCConfigurationList;
			buildConfigurations = (
				5BB1DD77222CACCC007CB698 /* Debug */,
				5BB1DD78222CACCC007CB698 /* Release */,
			);
			defaultConfigurationIsVisible = 0;
			defaultConfigurationName = Release;
		};
/* End XCConfigurationList section */

/* Begin XCVersionGroup section */
		5BB1DD4F222CACC8007CB698 /* IOSSolidPrinciplesSample.xcdatamodeld */ = {
			isa = XCVersionGroup;
			children = (
				5BB1DD50222CACC8007CB698 /* IOSSolidPrinciplesSample.xcdatamodel */,
			);
			currentVersion = 5BB1DD50222CACC8007CB698 /* IOSSolidPrinciplesSample.xcdatamodel */;
			path = IOSSolidPrinciplesSample.xcdatamodeld;
			sourceTree = "<group>";
			versionGroupType = wrapper.xcdatamodel;
		};
/* End XCVersionGroup section */
	};
	rootObject = 5BB1DD3D222CACC7007CB698 /* Project object */;
}
